
Microsoft Visual Studio Solution File, Format Version 12.00
# Visual Studio Version 17
VisualStudioVersion = 17.12.35527.113 d17.12
MinimumVisualStudioVersion = 10.0.40219.1
Project("{FAE04EC0-301F-11D3-BF4B-00C04F79EFBC}") = "AspireLearn", "AspireLearn\AspireLearn.csproj", "{8C1EF6D5-24B9-41CE-A369-509A8E2AA4E8}"
EndProject
Project("{FAE04EC0-301F-11D3-BF4B-00C04F79EFBC}") = "AspireLearnMVC", "AspireLearnMVC\AspireLearnMVC.csproj", "{EBB6351B-4627-4DF5-91C7-69E353AD2B75}"
EndProject
Global
	GlobalSection(SolutionConfigurationPlatforms) = preSolution
		Debug|Any CPU = Debug|Any CPU
		Release|Any CPU = Release|Any CPU
	EndGlobalSection
	GlobalSection(ProjectConfigurationPlatforms) = postSolution
		{8C1EF6D5-24B9-41CE-A369-509A8E2AA4E8}.Debug|Any CPU.ActiveCfg = Debug|Any CPU
		{8C1EF6D5-24B9-41CE-A369-509A8E2AA4E8}.Debug|Any CPU.Build.0 = Debug|Any CPU
		{8C1EF6D5-24B9-41CE-A369-509A8E2AA4E8}.Release|Any CPU.ActiveCfg = Release|Any CPU
		{8C1EF6D5-24B9-41CE-A369-509A8E2AA4E8}.Release|Any CPU.Build.0 = Release|Any CPU
		{EBB6351B-4627-4DF5-91C7-69E353AD2B75}.Debug|Any CPU.ActiveCfg = Debug|Any CPU
		{EBB6351B-4627-4DF5-91C7-69E353AD2B75}.Debug|Any CPU.Build.0 = Debug|Any CPU
		{EBB6351B-4627-4DF5-91C7-69E353AD2B75}.Release|Any CPU.ActiveCfg = Release|Any CPU
		{EBB6351B-4627-4DF5-91C7-69E353AD2B75}.Release|Any CPU.Build.0 = Release|Any CPU
	EndGlobalSection
	GlobalSection(SolutionProperties) = preSolution
		HideSolutionNode = FALSE
	EndGlobalSection
EndGlobal
